{
    "dama/doctrine-test-bundle": {
        "version": "8.6",
        "recipe": {
            "repo": "github.com/symfony/recipes-contrib",
            "branch": "main",
            "version": "8.3",
            "ref": "dfc51177476fb39d014ed89944cde53dc3326d23"
        }
    },
    "doctrine/deprecations": {
        "version": "1.1",
        "recipe": {
            "repo": "github.com/symfony/recipes",
            "branch": "main",
            "version": "1.0",
            "ref": "fdd756167454623e21f1d769c5b814b243782a67"
        }
    },
    "doctrine/doctrine-bundle": {
        "version": "2.13",
        "recipe": {
            "repo": "github.com/symfony/recipes",
            "branch": "main",
            "version": "2.10",
            "ref": "d1778a69711a9b06bb4e202977ca6c4a0d16933d"
        },
        "files": [
            "config/packages/doctrine.yaml",
            "src/Entity/.gitignore",
            "src/Repository/.gitignore"
        ]
    },
    "doctrine/doctrine-migrations-bundle": {
        "version": "3.7",
        "recipe": {
            "repo": "github.com/symfony/recipes",
            "branch": "main",
            "version": "3.1",
            "ref": "1d01ec03c6ecbd67c3375c5478c9a423ae5d6a33"
        },
        "files": [
            "config/packages/doctrine_migrations.yaml",
            "migrations/.gitignore"
        ]
    },
    "friendsofphp/php-cs-fixer": {
        "version": "3.95",
        "recipe": {
            "repo": "github.com/symfony/recipes",
            "branch": "main",
            "version": "3.39",
            "ref": "97aaf9026490db73b86c23d49e5774bc89d2b232"
        },
        "files": [
            ".php-cs-fixer.dist.php"
        ]
    },
    "nelmio/api-doc-bundle": {
        "version": "5.10",
        "recipe": {
            "repo": "github.com/symfony/recipes-contrib",
            "branch": "main",
            "version": "3.0",
            "ref": "c8e0c38e1a280ab9e37587a8fa32b251d5bc1c94"
        }
    },
    "nelmio/cors-bundle": {
        "version": "2.2",
        "recipe": {
            "repo": "github.com/symfony/recipes",
            "branch": "main",
            "version": "1.5",
            "ref": "6bea22e6c564fba3a1391615cada1437d0bde39c"
        },
        "files": [
            "config/packages/nelmio_cors.yaml"
        ]
    },
    "phpstan/phpstan": {
        "version": "2.2",
        "recipe": {
            "repo": "github.com/symfony/recipes-contrib",
            "branch": "main",
            "version": "1.0",
            "ref": "5e490cc197fb6bb1ae22e5abbc531ddc633b6767"
        }
    },
    "phpunit/phpunit": {
        "version": "11.5",
        "recipe": {
            "repo": "github.com/symfony/recipes",
            "branch": "main",
            "version": "11.1",
            "ref": "ca0bc067abfb40a8de1b2561b96cbfc2b833c314"
        },
        "files": [
            ".env.test",
            "phpunit.dist.xml",
            "tests/bootstrap.php",
            "bin/phpunit"
        ]
    },
    "symfony/asset-mapper": {
        "version": "7.4",
        "recipe": {
            "repo": "github.com/symfony/recipes",
            "branch": "main",
            "version": "6.4",
            "ref": "c01c47af2ec66a74ec046eccb919cfe27d3464ec"
        },
        "files": [
            "assets/app.js",
            "assets/styles/app.css",
            "config/packages/asset_mapper.yaml",
            "importmap.php"
        ]
    },
    "symfony/console": {
        "version": "5.4",
        "recipe": {
            "repo": "github.com/symfony/recipes",
            "branch": "main",
            "version": "5.3",
            "ref": "1781ff40d8a17d87cf53f8d4cf0c8346ed2bb461"
        },
        "files": [
            "bin/console"
        ]
    },
    "symfony/flex": {
        "version": "1.19",
        "recipe": {
            "repo": "github.com/symfony/recipes",
            "branch": "main",
            "version": "1.0",
            "ref": "146251ae39e06a95be0fe3d13c807bcf3938b172"
        },
        "files": [
            ".env"
        ]
    },
    "symfony/form": {
        "version": "7.4",
        "recipe": {
            "repo": "github.com/symfony/recipes",
            "branch": "main",
            "version": "7.2",
            "ref": "7d86a6723f4a623f59e2bf966b6aad2fc461d36b"
        },
        "files": [
            "config/packages/csrf.yaml"
        ]
    },
    "symfony/framework-bundle": {
        "version": "7.4",
        "recipe": {
            "repo": "github.com/symfony/recipes",
            "branch": "main",
            "version": "7.4",
            "ref": "d5dcd308c8becd725c9d8b91e31aab1ff0bbc30b"
        },
        "files": [
            ".editorconfig",
            "config/packages/cache.yaml",
            "config/packages/framework.yaml",
            "config/preload.php",
            "config/routes/framework.yaml",
            "config/services.yaml",
            "public/index.php",
            "src/Controller/.gitignore",
            "src/Kernel.php"
        ]
    },
    "symfony/maker-bundle": {
        "version": "1.43",
        "recipe": {
            "repo": "github.com/symfony/recipes",
            "branch": "main",
            "version": "1.0",
            "ref": "fadbfe33303a76e25cb63401050439aa9b1a9c7f"
        }
    },
    "symfony/property-info": {
        "version": "7.4",
        "recipe": {
            "repo": "github.com/symfony/recipes",
            "branch": "main",
            "version": "7.3",
            "ref": "dae70df71978ae9226ae915ffd5fad817f5ca1f7"
        },
        "files": [
            "config/packages/property_info.yaml"
        ]
    },
    "symfony/routing": {
        "version": "6.4",
        "recipe": {
            "repo": "github.com/symfony/recipes",
            "branch": "main",
            "version": "6.1",
            "ref": "a44010c0d06989bd4f154aa07d2542d47caf5b83"
        },
        "files": [
            "config/packages/routing.yaml",
            "config/routes.yaml"
        ]
    },
    "symfony/stimulus-bundle": {
        "version": "2.35",
        "recipe": {
            "repo": "github.com/symfony/recipes",
            "branch": "main",
            "version": "2.24",
            "ref": "d21494ed2ddbde38942e8278299a23ce5cf4a9a1"
        },
        "files": [
            "assets/controllers.json",
            "assets/controllers/csrf_protection_controller.js",
            "assets/controllers/hello_controller.js",
            "assets/stimulus_bootstrap.js"
        ]
    },
    "symfony/translation": {
        "version": "7.4",
        "recipe": {
            "repo": "github.com/symfony/recipes",
            "branch": "main",
            "version": "6.3",
            "ref": "620a1b84865ceb2ba304c8f8bf2a185fbf32a843"
        },
        "files": [
            "config/packages/translation.yaml",
            "translations/.gitignore"
        ]
    },
    "symfony/twig-bundle": {
        "version": "7.4",
        "recipe": {
            "repo": "github.com/symfony/recipes",
            "branch": "main",
            "version": "6.4",
            "ref": "f250159ebe99153d0c640a3e7742876fc7453f2c"
        },
        "files": [
            "config/packages/twig.yaml",
            "templates/base.html.twig"
        ]
    },
    "symfony/ux-autocomplete": {
        "version": "3.1",
        "recipe": {
            "repo": "github.com/symfony/recipes",
            "branch": "main",
            "version": "2.6",
            "ref": "07d9602b7231ba355f484305d6cea58310c01741"
        },
        "files": [
            "config/routes/ux_autocomplete.yaml"
        ]
    },
    "symfony/ux-icons": {
        "version": "3.1",
        "recipe": {
            "repo": "github.com/symfony/recipes",
            "branch": "main",
            "version": "2.19",
            "ref": "c965ca0bf8a40e03420d57e08cff0bf6045e4ae7"
        },
        "files": [
            "assets/icons/symfony.svg",
            "config/packages/ux_icons.yaml"
        ]
    },
    "symfony/ux-turbo": {
        "version": "2.35",
        "recipe": {
            "repo": "github.com/symfony/recipes",
            "branch": "main",
            "version": "2.20",
            "ref": "287f7c6eb6e9b65e422d34c00795b360a787380b"
        },
        "files": [
            "config/packages/ux_turbo.yaml"
        ]
    },
    "symfony/ux-twig-component": {
        "version": "2.35",
        "recipe": {
            "repo": "github.com/symfony/recipes",
            "branch": "main",
            "version": "2.13",
            "ref": "f367ae2a1faf01c503de2171f1ec22567febeead"
        },
        "files": [
            "config/packages/twig_component.yaml"
        ]
    },
    "symfony/validator": {
        "version": "7.4",
        "recipe": {
            "repo": "github.com/symfony/recipes",
            "branch": "main",
            "version": "7.0",
            "ref": "8c1c4e28d26a124b0bb273f537ca8ce443472bfd"
        },
        "files": [
            "config/packages/validator.yaml"
        ]
    },
    "twig/extra-bundle": {
        "version": "v3.24.0"
    }
}
